Microsoft Visual Studio Solution File, Format Version 12.00
# Visual Studio Version 17
VisualStudioVersion = 17.12.35323.107
MinimumVisualStudioVersion = 10.0.40219.1
Project("{F2A71F9B-5D33-465A-A702-920D77279786}") = "SI.Rosetta.Aggregates", "SI.Rosetta.Aggregates\SI.Rosetta.Aggregates.fsproj", "{6E69C268-32F9-45CB-A332-EF1727995CB3}"
EndProject
Project("{2150E333-8FDC-42A3-9474-1A3956D46DE8}") = "Aggregates", "Aggregates", "{04929264-B7C1-4366-9DFD-A194F17622EA}"
EndProject
Project("{F2A71F9B-5D33-465A-A702-920D77279786}") = "SI.Rosetta.Aggregates.EventStore", "SI.Rosetta.Aggregates.EventStore\SI.Rosetta.Aggregates.EventStore.fsproj", "{EB85F532-E1F9-42BF-A76E-D15C7CC65AD0}"
EndProject
Project("{2150E333-8FDC-42A3-9474-1A3956D46DE8}") = "Projections", "Projections", "{D7AE495A-4F56-47E4-91FD-2866D8FB6EC7}"
EndProject
Project("{F2A71F9B-5D33-465A-A702-920D77279786}") = "SI.Rosetta.Projections", "SI.Rosetta.Projections\SI.Rosetta.Projections.fsproj", "{8FC7B84D-B049-4FFB-BC9C-C83C1F7D5910}"
EndProject
Project("{F2A71F9B-5D33-465A-A702-920D77279786}") = "SI.Rosetta.Projections.EventStore", "SI.Rosetta.Projections.EventStore\SI.Rosetta.Projections.EventStore.fsproj", "{716C54B3-633E-451A-82D4-E86CC0E4A6AF}"
EndProject
Project("{F2A71F9B-5D33-465A-A702-920D77279786}") = "SI.Rosetta.Projections.RavenDB", "SI.Rosetta.Projections.RavenDB\SI.Rosetta.Projections.RavenDB.fsproj", "{5AC71CF1-2804-4DAD-BF24-C5883B6E4AF6}"
EndProject
Project("{2150E333-8FDC-42A3-9474-1A3956D46DE8}") = "Test.Aggregates", "Test.Aggregates", "{9E57EA5E-EA56-4E08-98D0-A106A25947A8}"
EndProject
Project("{F2A71F9B-5D33-465A-A702-920D77279786}") = "Test.Aggregates", "Test.Aggregates\Test.Aggregates.fsproj", "{4B605A7B-4CDD-4AD1-BDE2-DCE63EA9C550}"
EndProject
Project("{F2A71F9B-5D33-465A-A702-920D77279786}") = "Test.PL", "Test.PL\Test.PL.fsproj", "{F4B808BC-8C67-40F2-8F26-45D63FB69001}"
EndProject
Project("{2150E333-8FDC-42A3-9474-1A3956D46DE8}") = "Common", "Common", "{FAD4A187-CDE0-4F18-9BFA-452B905703AB}"
EndProject
Project("{FAE04EC0-301F-11D3-BF4B-00C04F79EFBC}") = "Test.DTOs", "Test.DTOs\Test.DTOs.csproj", "{3C3B899B-86B2-4793-9562-9B3DA9DA0FF3}"
EndProject
Project("{F2A71F9B-5D33-465A-A702-920D77279786}") = "SI.Rosetta.Common", "SI.Rosetta.Common\SI.Rosetta.Common.fsproj", "{6A7C9DB5-F9DC-4918-929C-538BC9A57DC3}"
EndProject
Project("{F2A71F9B-5D33-465A-A702-920D77279786}") = "SI.Rosetta.Aggregates.HostBuilder", "SI.Rosetta.Aggregates.HostBuilder\SI.Rosetta.Aggregates.HostBuilder.fsproj", "{3C27ABB8-366A-4E55-9E0F-F8A21B744D57}"
EndProject
Project("{F2A71F9B-5D33-465A-A702-920D77279786}") = "SI.Rosetta.Projections.HostBuilder", "SI.Rosetta.Projections.HostBuilder\SI.Rosetta.Projections.HostBuilder.fsproj", "{0A907BDC-D3B5-4D7E-B43D-A09165CFB9B9}"
EndProject
Project("{F2A71F9B-5D33-465A-A702-920D77279786}") = "SI.Rosetta.Serialization", "SI.Rosetta.Serialization\SI.Rosetta.Serialization.fsproj", "{F32A3A4F-3FDA-43E8-9ADC-4C90A4B94F81}"
EndProject
Project("{F2A71F9B-5D33-465A-A702-920D77279786}") = "Test.Projections", "Test.Projections\Test.Projections.fsproj", "{CFDD1B70-F6E7-4AE9-96AE-C4838B948E1B}"
EndProject
Project("{F2A71F9B-5D33-465A-A702-920D77279786}") = "SI.Rosetta.TestKit.ObjectComparer", "SI.Rosetta.TestKit.ObjectComparer\SI.Rosetta.TestKit.ObjectComparer.fsproj", "{652FE54E-4BD1-4944-BB4F-874C825F83C6}"
EndProject
Project("{F2A71F9B-5D33-465A-A702-920D77279786}") = "SI.Rosetta.Aggregates.TestKit", "SI.Rosetta.Aggregates.TestKit\SI.Rosetta.Aggregates.TestKit.fsproj", "{1FE5234F-1D08-4F07-9319-D3EBB1BE491B}"
EndProject
Project("{F2A71F9B-5D33-465A-A702-920D77279786}") = "SI.Rosetta.Aggregates.UnitTests", "SI.Rosetta.Aggregates.UnitTests\SI.Rosetta.Aggregates.UnitTests.fsproj", "{AB6004A3-F8EB-4E0D-81B3-F9669D1222F7}"
EndProject
Project("{F2A71F9B-5D33-465A-A702-920D77279786}") = "SI.Rosetta.Projections.TestKit", "SI.Rosetta.Projections.TestKit\SI.Rosetta.Projections.TestKit.fsproj", "{3D80225E-2E91-441E-BF68-0B0F1784BB6A}"
EndProject
Project("{F2A71F9B-5D33-465A-A702-920D77279786}") = "SI.Rosetta.Projections.UnitTests", "SI.Rosetta.Projections.UnitTests\SI.Rosetta.Projections.UnitTests.fsproj", "{9563C6F2-296B-4D40-9FED-7FD3D6A0D40F}"
EndProject
Global
	GlobalSection(SolutionConfigurationPlatforms) = preSolution
		Debug|Any CPU = Debug|Any CPU
		Release|Any CPU = Release|Any CPU
	EndGlobalSection
	GlobalSection(ProjectConfigurationPlatforms) = postSolution
		{6E69C268-32F9-45CB-A332-EF1727995CB3}.Debug|Any CPU.ActiveCfg = Debug|Any CPU
		{6E69C268-32F9-45CB-A332-EF1727995CB3}.Debug|Any CPU.Build.0 = Debug|Any CPU
		{6E69C268-32F9-45CB-A332-EF1727995CB3}.Release|Any CPU.ActiveCfg = Release|Any CPU
		{6E69C268-32F9-45CB-A332-EF1727995CB3}.Release|Any CPU.Build.0 = Release|Any CPU
		{EB85F532-E1F9-42BF-A76E-D15C7CC65AD0}.Debug|Any CPU.ActiveCfg = Debug|Any CPU
		{EB85F532-E1F9-42BF-A76E-D15C7CC65AD0}.Debug|Any CPU.Build.0 = Debug|Any CPU
		{EB85F532-E1F9-42BF-A76E-D15C7CC65AD0}.Release|Any CPU.ActiveCfg = Release|Any CPU
		{EB85F532-E1F9-42BF-A76E-D15C7CC65AD0}.Release|Any CPU.Build.0 = Release|Any CPU
		{8FC7B84D-B049-4FFB-BC9C-C83C1F7D5910}.Debug|Any CPU.ActiveCfg = Debug|Any CPU
		{8FC7B84D-B049-4FFB-BC9C-C83C1F7D5910}.Debug|Any CPU.Build.0 = Debug|Any CPU
		{8FC7B84D-B049-4FFB-BC9C-C83C1F7D5910}.Release|Any CPU.ActiveCfg = Release|Any CPU
		{8FC7B84D-B049-4FFB-BC9C-C83C1F7D5910}.Release|Any CPU.Build.0 = Release|Any CPU
		{716C54B3-633E-451A-82D4-E86CC0E4A6AF}.Debug|Any CPU.ActiveCfg = Debug|Any CPU
		{716C54B3-633E-451A-82D4-E86CC0E4A6AF}.Debug|Any CPU.Build.0 = Debug|Any CPU
		{716C54B3-633E-451A-82D4-E86CC0E4A6AF}.Release|Any CPU.ActiveCfg = Release|Any CPU
		{716C54B3-633E-451A-82D4-E86CC0E4A6AF}.Release|Any CPU.Build.0 = Release|Any CPU
		{5AC71CF1-2804-4DAD-BF24-C5883B6E4AF6}.Debug|Any CPU.ActiveCfg = Debug|Any CPU
		{5AC71CF1-2804-4DAD-BF24-C5883B6E4AF6}.Debug|Any CPU.Build.0 = Debug|Any CPU
		{5AC71CF1-2804-4DAD-BF24-C5883B6E4AF6}.Release|Any CPU.ActiveCfg = Release|Any CPU
		{5AC71CF1-2804-4DAD-BF24-C5883B6E4AF6}.Release|Any CPU.Build.0 = Release|Any CPU
		{4B605A7B-4CDD-4AD1-BDE2-DCE63EA9C550}.Debug|Any CPU.ActiveCfg = Debug|Any CPU
		{4B605A7B-4CDD-4AD1-BDE2-DCE63EA9C550}.Debug|Any CPU.Build.0 = Debug|Any CPU
		{4B605A7B-4CDD-4AD1-BDE2-DCE63EA9C550}.Release|Any CPU.ActiveCfg = Release|Any CPU
		{4B605A7B-4CDD-4AD1-BDE2-DCE63EA9C550}.Release|Any CPU.Build.0 = Release|Any CPU
		{F4B808BC-8C67-40F2-8F26-45D63FB69001}.Debug|Any CPU.ActiveCfg = Debug|Any CPU
		{F4B808BC-8C67-40F2-8F26-45D63FB69001}.Debug|Any CPU.Build.0 = Debug|Any CPU
		{F4B808BC-8C67-40F2-8F26-45D63FB69001}.Release|Any CPU.ActiveCfg = Release|Any CPU
		{F4B808BC-8C67-40F2-8F26-45D63FB69001}.Release|Any CPU.Build.0 = Release|Any CPU
		{3C3B899B-86B2-4793-9562-9B3DA9DA0FF3}.Debug|Any CPU.ActiveCfg = Debug|Any CPU
		{3C3B899B-86B2-4793-9562-9B3DA9DA0FF3}.Debug|Any CPU.Build.0 = Debug|Any CPU
		{3C3B899B-86B2-4793-9562-9B3DA9DA0FF3}.Release|Any CPU.ActiveCfg = Release|Any CPU
		{3C3B899B-86B2-4793-9562-9B3DA9DA0FF3}.Release|Any CPU.Build.0 = Release|Any CPU
		{6A7C9DB5-F9DC-4918-929C-538BC9A57DC3}.Debug|Any CPU.ActiveCfg = Debug|Any CPU
		{6A7C9DB5-F9DC-4918-929C-538BC9A57DC3}.Debug|Any CPU.Build.0 = Debug|Any CPU
		{6A7C9DB5-F9DC-4918-929C-538BC9A57DC3}.Release|Any CPU.ActiveCfg = Release|Any CPU
		{6A7C9DB5-F9DC-4918-929C-538BC9A57DC3}.Release|Any CPU.Build.0 = Release|Any CPU
		{3C27ABB8-366A-4E55-9E0F-F8A21B744D57}.Debug|Any CPU.ActiveCfg = Debug|Any CPU
		{3C27ABB8-366A-4E55-9E0F-F8A21B744D57}.Debug|Any CPU.Build.0 = Debug|Any CPU
		{3C27ABB8-366A-4E55-9E0F-F8A21B744D57}.Release|Any CPU.ActiveCfg = Release|Any CPU
		{3C27ABB8-366A-4E55-9E0F-F8A21B744D57}.Release|Any CPU.Build.0 = Release|Any CPU
		{0A907BDC-D3B5-4D7E-B43D-A09165CFB9B9}.Debug|Any CPU.ActiveCfg = Debug|Any CPU
		{0A907BDC-D3B5-4D7E-B43D-A09165CFB9B9}.Debug|Any CPU.Build.0 = Debug|Any CPU
		{0A907BDC-D3B5-4D7E-B43D-A09165CFB9B9}.Release|Any CPU.ActiveCfg = Release|Any CPU
		{0A907BDC-D3B5-4D7E-B43D-A09165CFB9B9}.Release|Any CPU.Build.0 = Release|Any CPU
		{F32A3A4F-3FDA-43E8-9ADC-4C90A4B94F81}.Debug|Any CPU.ActiveCfg = Debug|Any CPU
		{F32A3A4F-3FDA-43E8-9ADC-4C90A4B94F81}.Debug|Any CPU.Build.0 = Debug|Any CPU
		{F32A3A4F-3FDA-43E8-9ADC-4C90A4B94F81}.Release|Any CPU.ActiveCfg = Release|Any CPU
		{F32A3A4F-3FDA-43E8-9ADC-4C90A4B94F81}.Release|Any CPU.Build.0 = Release|Any CPU
		{CFDD1B70-F6E7-4AE9-96AE-C4838B948E1B}.Debug|Any CPU.ActiveCfg = Debug|Any CPU
		{CFDD1B70-F6E7-4AE9-96AE-C4838B948E1B}.Debug|Any CPU.Build.0 = Debug|Any CPU
		{CFDD1B70-F6E7-4AE9-96AE-C4838B948E1B}.Release|Any CPU.ActiveCfg = Release|Any CPU
		{CFDD1B70-F6E7-4AE9-96AE-C4838B948E1B}.Release|Any CPU.Build.0 = Release|Any CPU
		{652FE54E-4BD1-4944-BB4F-874C825F83C6}.Debug|Any CPU.ActiveCfg = Debug|Any CPU
		{652FE54E-4BD1-4944-BB4F-874C825F83C6}.Debug|Any CPU.Build.0 = Debug|Any CPU
		{652FE54E-4BD1-4944-BB4F-874C825F83C6}.Release|Any CPU.ActiveCfg = Release|Any CPU
		{652FE54E-4BD1-4944-BB4F-874C825F83C6}.Release|Any CPU.Build.0 = Release|Any CPU
		{1FE5234F-1D08-4F07-9319-D3EBB1BE491B}.Debug|Any CPU.ActiveCfg = Debug|Any CPU
		{1FE5234F-1D08-4F07-9319-D3EBB1BE491B}.Debug|Any CPU.Build.0 = Debug|Any CPU
		{1FE5234F-1D08-4F07-9319-D3EBB1BE491B}.Release|Any CPU.ActiveCfg = Release|Any CPU
		{1FE5234F-1D08-4F07-9319-D3EBB1BE491B}.Release|Any CPU.Build.0 = Release|Any CPU
		{AB6004A3-F8EB-4E0D-81B3-F9669D1222F7}.Debug|Any CPU.ActiveCfg = Debug|Any CPU
		{AB6004A3-F8EB-4E0D-81B3-F9669D1222F7}.Debug|Any CPU.Build.0 = Debug|Any CPU
		{AB6004A3-F8EB-4E0D-81B3-F9669D1222F7}.Release|Any CPU.ActiveCfg = Release|Any CPU
		{AB6004A3-F8EB-4E0D-81B3-F9669D1222F7}.Release|Any CPU.Build.0 = Release|Any CPU
		{3D80225E-2E91-441E-BF68-0B0F1784BB6A}.Debug|Any CPU.ActiveCfg = Debug|Any CPU
		{3D80225E-2E91-441E-BF68-0B0F1784BB6A}.Debug|Any CPU.Build.0 = Debug|Any CPU
		{3D80225E-2E91-441E-BF68-0B0F1784BB6A}.Release|Any CPU.ActiveCfg = Release|Any CPU
		{3D80225E-2E91-441E-BF68-0B0F1784BB6A}.Release|Any CPU.Build.0 = Release|Any CPU
		{9563C6F2-296B-4D40-9FED-7FD3D6A0D40F}.Debug|Any CPU.ActiveCfg = Debug|Any CPU
		{9563C6F2-296B-4D40-9FED-7FD3D6A0D40F}.Debug|Any CPU.Build.0 = Debug|Any CPU
		{9563C6F2-296B-4D40-9FED-7FD3D6A0D40F}.Release|Any CPU.ActiveCfg = Release|Any CPU
		{9563C6F2-296B-4D40-9FED-7FD3D6A0D40F}.Release|Any CPU.Build.0 = Release|Any CPU
	EndGlobalSection
	GlobalSection(SolutionProperties) = preSolution
		HideSolutionNode = FALSE
	EndGlobalSection
	GlobalSection(NestedProjects) = preSolution
		{6E69C268-32F9-45CB-A332-EF1727995CB3} = {04929264-B7C1-4366-9DFD-A194F17622EA}
		{EB85F532-E1F9-42BF-A76E-D15C7CC65AD0} = {04929264-B7C1-4366-9DFD-A194F17622EA}
		{8FC7B84D-B049-4FFB-BC9C-C83C1F7D5910} = {D7AE495A-4F56-47E4-91FD-2866D8FB6EC7}
		{716C54B3-633E-451A-82D4-E86CC0E4A6AF} = {D7AE495A-4F56-47E4-91FD-2866D8FB6EC7}
		{5AC71CF1-2804-4DAD-BF24-C5883B6E4AF6} = {D7AE495A-4F56-47E4-91FD-2866D8FB6EC7}
		{4B605A7B-4CDD-4AD1-BDE2-DCE63EA9C550} = {9E57EA5E-EA56-4E08-98D0-A106A25947A8}
		{F4B808BC-8C67-40F2-8F26-45D63FB69001} = {9E57EA5E-EA56-4E08-98D0-A106A25947A8}
		{3C3B899B-86B2-4793-9562-9B3DA9DA0FF3} = {9E57EA5E-EA56-4E08-98D0-A106A25947A8}
		{6A7C9DB5-F9DC-4918-929C-538BC9A57DC3} = {FAD4A187-CDE0-4F18-9BFA-452B905703AB}
		{3C27ABB8-366A-4E55-9E0F-F8A21B744D57} = {04929264-B7C1-4366-9DFD-A194F17622EA}
		{0A907BDC-D3B5-4D7E-B43D-A09165CFB9B9} = {D7AE495A-4F56-47E4-91FD-2866D8FB6EC7}
		{F32A3A4F-3FDA-43E8-9ADC-4C90A4B94F81} = {FAD4A187-CDE0-4F18-9BFA-452B905703AB}
		{CFDD1B70-F6E7-4AE9-96AE-C4838B948E1B} = {9E57EA5E-EA56-4E08-98D0-A106A25947A8}
		{652FE54E-4BD1-4944-BB4F-874C825F83C6} = {FAD4A187-CDE0-4F18-9BFA-452B905703AB}
		{1FE5234F-1D08-4F07-9319-D3EBB1BE491B} = {04929264-B7C1-4366-9DFD-A194F17622EA}
		{AB6004A3-F8EB-4E0D-81B3-F9669D1222F7} = {04929264-B7C1-4366-9DFD-A194F17622EA}
		{3D80225E-2E91-441E-BF68-0B0F1784BB6A} = {D7AE495A-4F56-47E4-91FD-2866D8FB6EC7}
		{9563C6F2-296B-4D40-9FED-7FD3D6A0D40F} = {D7AE495A-4F56-47E4-91FD-2866D8FB6EC7}
	EndGlobalSection
	GlobalSection(ExtensibilityGlobals) = postSolution
		SolutionGuid = {F787795A-E570-44CC-95A9-8DE3140DE4D0}
	EndGlobalSection
EndGlobal
